
Microsoft Visual Studio Solution File, Format Version 12.00
# Visual Studio 15
VisualStudioVersion = 15.0.27130.2024
MinimumVisualStudioVersion = 10.0.40219.1
Project("{8BC9CEB8-8B4A-11D0-8D11-00A0C91BC942}") = "1512641_Lab02", "1512641_Lab02\1512641_Lab02.vcxproj", "{A0E0351A-580D-44D5-87C9-13C73E9405F7}"
EndProject
Global
	GlobalSection(SolutionConfigurationPlatforms) = preSolution
		Debug|x64 = Debug|x64
		Debug|x86 = Debug|x86
		Release|x64 = Release|x64
		Release|x86 = Release|x86
	EndGlobalSection
	GlobalSection(ProjectConfigurationPlatforms) = postSolution
		{A0E0351A-580D-44D5-87C9-13C73E9405F7}.Debug|x64.ActiveCfg = Debug|x64
		{A0E0351A-580D-44D5-87C9-13C73E9405F7}.Debug|x64.Build.0 = Debug|x64
		{A0E0351A-580D-44D5-87C9-13C73E9405F7}.Debug|x86.ActiveCfg = Debug|Win32
		{A0E0351A-580D-44D5-87C9-13C73E9405F7}.Debug|x86.Build.0 = Debug|Win32
		{A0E0351A-580D-44D5-87C9-13C73E9405F7}.Release|x64.ActiveCfg = Release|x64
		{A0E0351A-580D-44D5-87C9-13C73E9405F7}.Release|x64.Build.0 = Release|x64
		{A0E0351A-580D-44D5-87C9-13C73E9405F7}.Release|x86.ActiveCfg = Release|Win32
		{A0E0351A-580D-44D5-87C9-13C73E9405F7}.Release|x86.Build.0 = Release|Win32
	EndGlobalSection
	GlobalSection(SolutionProperties) = preSolution
		HideSolutionNode = FALSE
	EndGlobalSection
	GlobalSection(ExtensibilityGlobals) = postSolution
		SolutionGuid = {F64C61AA-50E2-466A-A703-D88491E44FAC}
	EndGlobalSection
EndGlobal
